// !$*UTF8*$!
{
	archiveVersion = 1;
	classes = {
	};
	objectVersion = 46;
	objects = {

/* Begin PBXBuildFile section */
		207659551E7FD64900A56DC8 /* AppDelegate.swift in Sources */ = {isa = PBXBuildFile; fileRef = 207659541E7FD64900A56DC8 /* AppDelegate.swift */; };
		207659571E7FD64900A56DC8 /* ViewController.swift in Sources */ = {isa = PBXBuildFile; fileRef = 207659561E7FD64900A56DC8 /* ViewController.swift */; };
		2076595A1E7FD64900A56DC8 /* Main.storyboard in Resources */ = {isa = PBXBuildFile; fileRef = 207659581E7FD64900A56DC8 /* Main.storyboard */; };
		2076595C1E7FD64900A56DC8 /* Assets.xcassets in Resources */ = {isa = PBXBuildFile; fileRef = 2076595B1E7FD64900A56DC8 /* Assets.xcassets */; };
		2076595F1E7FD64900A56DC8 /* LaunchScreen.storyboard in Resources */ = {isa = PBXBuildFile; fileRef = 2076595D1E7FD64900A56DC8 /* LaunchScreen.storyboard */; };
/* End PBXBuildFile section */

/* Begin PBXFileReference section */
		207659511E7FD64900A56DC8 /* Single Timer.app */ = {isa = PBXFileReference; explicitFileType = wrapper.application; includeInIndex = 0; path = "Single Timer.app"; sourceTree = BUILT_PRODUCTS_DIR; };
		207659541E7FD64900A56DC8 /* AppDelegate.swift */ = {isa = PBXFileReference; lastKnownFileType = sourcecode.swift; path = AppDelegate.swift; sourceTree = "<group>"; };
		207659561E7FD64900A56DC8 /* ViewController.swift */ = {isa = PBXFileReference; lastKnownFileType = sourcecode.swift; path = ViewController.swift; sourceTree = "<group>"; };
		207659591E7FD64900A56DC8 /* Base */ = {isa = PBXFileReference; lastKnownFileType = file.storyboard; name = Base; path = Base.lproj/Main.storyboard; sourceTree = "<group>"; };
		2076595B1E7FD64900A56DC8 /* Assets.xcassets */ = {isa = PBXFileReference; lastKnownFileType = folder.assetcatalog; path = Assets.xcassets; sourceTree = "<group>"; };
		2076595E1E7FD64900A56DC8 /* Base */ = {isa = PBXFileReference; lastKnownFileType = file.storyboard; name = Base; path = Base.lproj/LaunchScreen.storyboard; sourceTree = "<group>"; };
		207659601E7FD64900A56DC8 /* Info.plist */ = {isa = PBXFileReference; lastKnownFileType = text.plist.xml; path = Info.plist; sourceTree = "<group>"; };
/* End PBXFileReference section */

/* Begin PBXFrameworksBuildPhase section */
		2076594E1E7FD64800A56DC8 /* Frameworks */ = {
			isa = PBXFrameworksBuildPhase;
			buildActionMask = 2147483647;
			files = (
			);
			runOnlyForDeploymentPostprocessing = 0;
		};
/* End PBXFrameworksBuildPhase section */

/* Begin PBXGroup section */
		207659481E7FD64800A56DC8 = {
			isa = PBXGroup;
			children = (
				207659531E7FD64900A56DC8 /* Single Timer */,
				207659521E7FD64900A56DC8 /* Products */,
			);
			sourceTree = "<group>";
		};
		207659521E7FD64900A56DC8 /* Products */ = {
			isa = PBXGroup;
			children = (
				207659511E7FD64900A56DC8 /* Single Timer.app */,
			);
			name = Products;
			sourceTree = "<group>";
		};
		207659531E7FD64900A56DC8 /* Single Timer */ = {
			isa = PBXGroup;
			children = (
				207659541E7FD64900A56DC8 /* AppDelegate.swift */,
				207659561E7FD64900A56DC8 /* ViewController.swift */,
				207659581E7FD64900A56DC8 /* Main.storyboard */,
				2076595B1E7FD64900A56DC8 /* Assets.xcassets */,
				2076595D1E7FD64900A56DC8 /* LaunchScreen.storyboard */,
				207659601E7FD64900A56DC8 /* Info.plist */,
			);
			path = "Single Timer";
			sourceTree = "<group>";
		};
/* End PBXGroup section */

/* Begin PBXNativeTarget section */
		207659501E7FD64800A56DC8 /* Single Timer */ = {
			isa = PBXNativeTarget;
			buildConfigurationList = 207659631E7FD64900A56DC8 /* Build configuration list for PBXNativeTarget "Single Timer" */;
			buildPhases = (
				2076594D1E7FD64800A56DC8 /* Sources */,
				2076594E1E7FD64800A56DC8 /* Frameworks */,
				2076594F1E7FD64800A56DC8 /* Resources */,
			);
			buildRules = (
			);
			dependencies = (
			);
			name = "Single Timer";
			productName = "Single Timer";
			productReference = 207659511E7FD64900A56DC8 /* Single Timer.app */;
			productType = "com.apple.product-type.application";
		};
/* End PBXNativeTarget section */

/* Begin PBXProject section */
		207659491E7FD64800A56DC8 /* Project object */ = {
			isa = PBXProject;
			attributes = {
				LastSwiftUpdateCheck = 0820;
				LastUpgradeCheck = 0820;
				ORGANIZATIONNAME = "劉仲軒";
				TargetAttributes = {
					207659501E7FD64800A56DC8 = {
						CreatedOnToolsVersion = 8.2.1;
						DevelopmentTeam = U9WVFKNWBQ;
						ProvisioningStyle = Automatic;
					};
				};
			};
			buildConfigurationList = 2076594C1E7FD64800A56DC8 /* Build configuration list for PBXProject "Single Timer" */;
			compatibilityVersion = "Xcode 3.2";
			developmentRegion = English;
			hasScannedForEncodings = 0;
			knownRegions = (
				en,
				Base,
			);
			mainGroup = 207659481E7FD64800A56DC8;
			productRefGroup = 207659521E7FD64900A56DC8 /* Products */;
			projectDirPath = "";
			projectRoot = "";
			targets = (
				207659501E7FD64800A56DC8 /* Single Timer */,
			);
		};
/* End PBXProject section */

/* Begin PBXResourcesBuildPhase section */
		2076594F1E7FD64800A56DC8 /* Resources */ = {
			isa = PBXResourcesBuildPhase;
			buildActionMask = 2147483647;
			files = (
				2076595F1E7FD64900A56DC8 /* LaunchScreen.storyboard in Resources */,
				2076595C1E7FD64900A56DC8 /* Assets.xcassets in Resources */,
				2076595A1E7FD64900A56DC8 /* Main.storyboard in Resources */,
			);
			runOnlyForDeploymentPostprocessing = 0;
		};
/* End PBXResourcesBuildPhase section */

/* Begin PBXSourcesBuildPhase section */
		2076594D1E7FD64800A56DC8 /* Sources */ = {
			isa = PBXSourcesBuildPhase;
			buildActionMask = 2147483647;
			files = (
				207659571E7FD64900A56DC8 /* ViewController.swift in Sources */,
				207659551E7FD64900A56DC8 /* AppDelegate.swift in Sources */,
			);
			runOnlyForDeploymentPostprocessing = 0;
		};
/* End PBXSourcesBuildPhase section */

/* Begin PBXVariantGroup section */
		207659581E7FD64900A56DC8 /* Main.storyboard */ = {
			isa = PBXVariantGroup;
			children = (
				207659591E7FD64900A56DC8 /* Base */,
			);
			name = Main.storyboard;
			sourceTree = "<group>";
		};
		2076595D1E7FD64900A56DC8 /* LaunchScreen.storyboard */ = {
			isa = PBXVariantGroup;
			children = (
				2076595E1E7FD64900A56DC8 /* Base */,
			);
			name = LaunchScreen.storyboard;
			sourceTree = "<group>";
		};
/* End PBXVariantGroup section */

/* Begin XCBuildConfiguration section */
		207659611E7FD64900A56DC8 /* Debug */ = {
			isa = XCBuildConfiguration;
			buildSettings = {
				ALWAYS_SEARCH_USER_PATHS = NO;
				CLANG_ANALYZER_NONNULL = YES;
				CLANG_CXX_LANGUAGE_STANDARD = "gnu++0x";
				CLANG_CXX_LIBRARY = "libc++";
				CLANG_ENABLE_MODULES = YES;
				CLANG_ENABLE_OBJC_ARC = YES;
				CLANG_WARN_BOOL_CONVERSION = YES;
				CLANG_WARN_CONSTANT_CONVERSION = YES;
				CLANG_WARN_DIRECT_OBJC_ISA_USAGE = YES_ERROR;
				CLANG_WARN_DOCUMENTATION_COMMENTS = YES;
				CLANG_WARN_EMPTY_BODY = YES;
				CLANG_WARN_ENUM_CONVERSION = YES;
				CLANG_WARN_INFINITE_RECURSION = YES;
				CLANG_WARN_INT_CONVERSION = YES;
				CLANG_WARN_OBJC_ROOT_CLASS = YES_ERROR;
				CLANG_WARN_SUSPICIOUS_MOVE = YES;
				CLANG_WARN_UNREACHABLE_CODE = YES;
				CLANG_WARN__DUPLICATE_METHOD_MATCH = YES;
				"CODE_SIGN_IDENTITY[sdk=iphoneos*]" = "iPhone Developer";
				COPY_PHASE_STRIP = NO;
				DEBUG_INFORMATION_FORMAT = dwarf;
				ENABLE_STRICT_OBJC_MSGSEND = YES;
				ENABLE_TESTABILITY = YES;
				GCC_C_LANGUAGE_STANDARD = gnu99;
				GCC_DYNAMIC_NO_PIC = NO;
				GCC_NO_COMMON_BLOCKS = YES;
				GCC_OPTIMIZATION_LEVEL = 0;
				GCC_PREPROCESSOR_DEFINITIONS = (
					"DEBUG=1",
					"$(inherited)",
				);
				GCC_WARN_64_TO_32_BIT_CONVERSION = YES;
				GCC_WARN_ABOUT_RETURN_TYPE = YES_ERROR;
				GCC_WARN_UNDECLARED_SELECTOR = YES;
				GCC_WARN_UNINITIALIZED_AUTOS = YES_AGGRESSIVE;
				GCC_WARN_UNUSED_FUNCTION = YES;
				GCC_WARN_UNUSED_VARIABLE = YES;
				IPHONEOS_DEPLOYMENT_TARGET = 10.2;
				MTL_ENABLE_DEBUG_INFO = YES;
				ONLY_ACTIVE_ARCH = YES;
				SDKROOT = iphoneos;
				SWIFT_ACTIVE_COMPILATION_CONDITIONS = DEBUG;
				SWIFT_OPTIMIZATION_LEVEL = "-Onone";
				TARGETED_DEVICE_FAMILY = "1,2";
			};
			name = Debug;
		};
		207659621E7FD64900A56DC8 /* Release */ = {
			isa = XCBuildConfiguration;
			buildSettings = {
				ALWAYS_SEARCH_USER_PATHS = NO;
				CLANG_ANALYZER_NONNULL = YES;
				CLANG_CXX_LANGUAGE_STANDARD = "gnu++0x";
				CLANG_CXX_LIBRARY = "libc++";
				CLANG_ENABLE_MODULES = YES;
				CLANG_ENABLE_OBJC_ARC = YES;
				CLANG_WARN_BOOL_CONVERSION = YES;
				CLANG_WARN_CONSTANT_CONVERSION = YES;
				CLANG_WARN_DIRECT_OBJC_ISA_USAGE = YES_ERROR;
				CLANG_WARN_DOCUMENTATION_COMMENTS = YES;
				CLANG_WARN_EMPTY_BODY = YES;
				CLANG_WARN_ENUM_CONVERSION = YES;
				CLANG_WARN_INFINITE_RECURSION = YES;
				CLANG_WARN_INT_CONVERSION = YES;
				CLANG_WARN_OBJC_ROOT_CLASS = YES_ERROR;
				CLANG_WARN_SUSPICIOUS_MOVE = YES;
				CLANG_WARN_UNREACHABLE_CODE = YES;
				CLANG_WARN__DUPLICATE_METHOD_MATCH = YES;
				"CODE_SIGN_IDENTITY[sdk=iphoneos*]" = "iPhone Developer";
				COPY_PHASE_STRIP = NO;
				DEBUG_INFORMATION_FORMAT = "dwarf-with-dsym";
				ENABLE_NS_ASSERTIONS = NO;
				ENABLE_STRICT_OBJC_MSGSEND = YES;
				GCC_C_LANGUAGE_STANDARD = gnu99;
				GCC_NO_COMMON_BLOCKS = YES;
				GCC_WARN_64_TO_32_BIT_CONVERSION = YES;
				GCC_WARN_ABOUT_RETURN_TYPE = YES_ERROR;
				GCC_WARN_UNDECLARED_SELECTOR = YES;
				GCC_WARN_UNINITIALIZED_AUTOS = YES_AGGRESSIVE;
				GCC_WARN_UNUSED_FUNCTION = YES;
				GCC_WARN_UNUSED_VARIABLE = YES;
				IPHONEOS_DEPLOYMENT_TARGET = 10.2;
				MTL_ENABLE_DEBUG_INFO = NO;
				SDKROOT = iphoneos;
				SWIFT_OPTIMIZATION_LEVEL = "-Owholemodule";
				TARGETED_DEVICE_FAMILY = "1,2";
				VALIDATE_PRODUCT = YES;
			};
			name = Release;
		};
		207659641E7FD64900A56DC8 /* Debug */ = {
			isa = XCBuildConfiguration;
			buildSettings = {
				ASSETCATALOG_COMPILER_APPICON_NAME = AppIcon;
				DEVELOPMENT_TEAM = U9WVFKNWBQ;
				INFOPLIST_FILE = "Single Timer/Info.plist";
				LD_RUNPATH_SEARCH_PATHS = "$(inherited) @executable_path/Frameworks";
				PRODUCT_BUNDLE_IDENTIFIER = "com.turtlexuan.Single-Timer";
				PRODUCT_NAME = "$(TARGET_NAME)";
				SWIFT_VERSION = 3.0;
			};
			name = Debug;
		};
		207659651E7FD64900A56DC8 /* Release */ = {
			isa = XCBuildConfiguration;
			buildSettings = {
				ASSETCATALOG_COMPILER_APPICON_NAME = AppIcon;
				DEVELOPMENT_TEAM = U9WVFKNWBQ;
				INFOPLIST_FILE = "Single Timer/Info.plist";
				LD_RUNPATH_SEARCH_PATHS = "$(inherited) @executable_path/Frameworks";
				PRODUCT_BUNDLE_IDENTIFIER = "com.turtlexuan.Single-Timer";
				PRODUCT_NAME = "$(TARGET_NAME)";
				SWIFT_VERSION = 3.0;
			};
			name = Release;
		};
/* End XCBuildConfiguration section */

/* Begin XCConfigurationList section */
		2076594C1E7FD64800A56DC8 /* Build configuration list for PBXProject "Single Timer" */ = {
			isa = XCConfigurationList;
			buildConfigurations = (
				207659611E7FD64900A56DC8 /* Debug */,
				207659621E7FD64900A56DC8 /* Release */,
			);
			defaultConfigurationIsVisible = 0;
			defaultConfigurationName = Release;
		};
		207659631E7FD64900A56DC8 /* Build configuration list for PBXNativeTarget "Single Timer" */ = {
			isa = XCConfigurationList;
			buildConfigurations = (
				207659641E7FD64900A56DC8 /* Debug */,
				207659651E7FD64900A56DC8 /* Release */,
			);
			defaultConfigurationIsVisible = 0;
		};
/* End XCConfigurationList section */
	};
	rootObject = 207659491E7FD64800A56DC8 /* Project object */;
}
